# THIS IS AN AUTOGENERATED FILE. DO NOT EDIT THIS FILE DIRECTLY.
# yarn lockfile v1


"@juggle/resize-observer@^3.3.1":
  version "3.4.0"
  resolved "https://registry.yarnpkg.com/@juggle/resize-observer/-/resize-observer-3.4.0.tgz#08d6c5e20cf7e4cc02fd181c4b0c225cd31dbb60"
  integrity sha512-dfLbk+PwWvFzSxwk3n5ySL0hfBog779o8h68wK/7/APo/7cgyWp5jcXockbxdk5kFRkbeXWm4Fbi9FrdN381sA==

react-intersection-observer@^9.4.3:
  version "9.4.3"
  resolved "https://registry.yarnpkg.com/react-intersection-observer/-/react-intersection-observer-9.4.3.tgz#ec84ce0c25cad548075130ea045ac5c7adf908f3"
  integrity sha512-WNRqMQvKpupr6MzecAQI0Pj0+JQong307knLP4g/nBex7kYfIaZsPpXaIhKHR+oV8z+goUbH9e10j6lGRnTzlQ==

use-resize-observer@^9.1.0:
  version "9.1.0"
  resolved "https://registry.yarnpkg.com/use-resize-observer/-/use-resize-observer-9.1.0.tgz#14735235cf3268569c1ea468f8a90c5789fc5c6c"
  integrity sha512-R25VqO9Wb3asSD4eqtcxk8sJalvIOYBqS8MNZlpDSQ4l4xMQxC/J7Id9HoTqPq8FwULIn0PVW+OAqF2dyYbjow==
  dependencies:
    "@juggle/resize-observer" "^3.3.1"
